
Microsoft Visual Studio Solution File, Format Version 12.00
# Visual Studio Version 17
VisualStudioVersion = 17.0.31919.166
MinimumVisualStudioVersion = 10.0.40219.1
Project("{FAE04EC0-301F-11D3-BF4B-00C04F79EFBC}") = "CVMVC", "CVMVC\CVMVC.csproj", "{5CEA10A8-0DA4-49F1-9169-9A33FD6EF9AD}"
EndProject
Global
	GlobalSection(SolutionConfigurationPlatforms) = preSolution
		Debug|Any CPU = Debug|Any CPU
		Release|Any CPU = Release|Any CPU
	EndGlobalSection
	GlobalSection(ProjectConfigurationPlatforms) = postSolution
		{5CEA10A8-0DA4-49F1-9169-9A33FD6EF9AD}.Debug|Any CPU.ActiveCfg = Debug|Any CPU
		{5CEA10A8-0DA4-49F1-9169-9A33FD6EF9AD}.Debug|Any CPU.Build.0 = Debug|Any CPU
		{5CEA10A8-0DA4-49F1-9169-9A33FD6EF9AD}.Release|Any CPU.ActiveCfg = Release|Any CPU
		{5CEA10A8-0DA4-49F1-9169-9A33FD6EF9AD}.Release|Any CPU.Build.0 = Release|Any CPU
	EndGlobalSection
	GlobalSection(SolutionProperties) = preSolution
		HideSolutionNode = FALSE
	EndGlobalSection
	GlobalSection(ExtensibilityGlobals) = postSolution
		SolutionGuid = {246A6017-CBDD-4706-BA74-5AF8B5EDDDB5}
	EndGlobalSection
EndGlobal
